
Microsoft Visual Studio Solution File, Format Version 12.00
# Visual Studio 2012
Project("{f2a71f9b-5d33-465a-a702-920d77279786}") = "SimpleFunctions", "SimpleFunctions\SimpleFunctions.fsproj", "{524DF3FE-B5F0-4086-8BC6-A347A937BF59}"
EndProject
Global
	GlobalSection(SolutionConfigurationPlatforms) = preSolution
		Debug|x86 = Debug|x86
		Release|x86 = Release|x86
	EndGlobalSection
	GlobalSection(ProjectConfigurationPlatforms) = postSolution
		{524DF3FE-B5F0-4086-8BC6-A347A937BF59}.Debug|x86.ActiveCfg = Debug|x86
		{524DF3FE-B5F0-4086-8BC6-A347A937BF59}.Debug|x86.Build.0 = Debug|x86
		{524DF3FE-B5F0-4086-8BC6-A347A937BF59}.Release|x86.ActiveCfg = Release|x86
		{524DF3FE-B5F0-4086-8BC6-A347A937BF59}.Release|x86.Build.0 = Release|x86
	EndGlobalSection
EndGlobal
